// !$*UTF8*$!
{
	archiveVersion = 1;
	classes = {
	};
	objectVersion = 77;
	objects = {

/* Begin PBXBuildFile section */
		0609B268F9A5963AE9DFB7E3 /* ContentView.swift in Sources */ = {isa = PBXBuildFile; fileRef = 2BBC7477F237E0740443EEBF /* ContentView.swift */; };
		14397CF8309A6FE4891A79F5 /* InterTight.ttf in Resources */ = {isa = PBXBuildFile; fileRef = CFE42D91364AEC576CE42923 /* InterTight.ttf */; };
		3E315BFF06B5E330EA9973E3 /* AdvancedSetupView.swift in Sources */ = {isa = PBXBuildFile; fileRef = CC0549EA3FA355D84FC0E5DA /* AdvancedSetupView.swift */; };
		5439B378C4541C7202974A46 /* Assets.xcassets in Resources */ = {isa = PBXBuildFile; fileRef = F92B26C458FE6AA11BD81583 /* Assets.xcassets */; };
		660B2D1B10E158242F49B5D0 /* NostrProtocols.swift in Sources */ = {isa = PBXBuildFile; fileRef = 2FAF75CB8F8C95E6167FF88A /* NostrProtocols.swift */; };
		81DA502F082C18ABF14DAA2E /* InstrumentSerif-Italic.ttf in Resources */ = {isa = PBXBuildFile; fileRef = 011A178127266B78F7E40C40 /* InstrumentSerif-Italic.ttf */; };
		84B324B701560A8E5355F601 /* Tokens.swift in Sources */ = {isa = PBXBuildFile; fileRef = 5DA622C149728CE0F348EAAD /* Tokens.swift */; };
		A8654F444AD84A8961A672D9 /* Models.swift in Sources */ = {isa = PBXBuildFile; fileRef = 9F2FF697F9A8F9086347CDA4 /* Models.swift */; };
		ADC94A6FA9218B10F3B400B5 /* NOTEApp.swift in Sources */ = {isa = PBXBuildFile; fileRef = 78F774F8517D68DD85F81FFB /* NOTEApp.swift */; };
		E7F16860C6143DF3A04F66E3 /* OnboardingView.swift in Sources */ = {isa = PBXBuildFile; fileRef = 900F40652E4D9953E5CC8964 /* OnboardingView.swift */; };
		F2A1BEB25BA93399BF930962 /* Mocks.swift in Sources */ = {isa = PBXBuildFile; fileRef = AAC8BCC25D24E828A8CEF030 /* Mocks.swift */; };
/* End PBXBuildFile section */

/* Begin PBXFileReference section */
		011A178127266B78F7E40C40 /* InstrumentSerif-Italic.ttf */ = {isa = PBXFileReference; lastKnownFileType = file; path = "InstrumentSerif-Italic.ttf"; sourceTree = "<group>"; };
		142B1AE132BABC341A25B78D /* NOTE.app */ = {isa = PBXFileReference; explicitFileType = wrapper.application; includeInIndex = 0; path = NOTE.app; sourceTree = BUILT_PRODUCTS_DIR; };
		2BBC7477F237E0740443EEBF /* ContentView.swift */ = {isa = PBXFileReference; lastKnownFileType = sourcecode.swift; path = ContentView.swift; sourceTree = "<group>"; };
		2FAF75CB8F8C95E6167FF88A /* NostrProtocols.swift */ = {isa = PBXFileReference; lastKnownFileType = sourcecode.swift; path = NostrProtocols.swift; sourceTree = "<group>"; };
		5DA622C149728CE0F348EAAD /* Tokens.swift */ = {isa = PBXFileReference; lastKnownFileType = sourcecode.swift; path = Tokens.swift; sourceTree = "<group>"; };
		78F774F8517D68DD85F81FFB /* NOTEApp.swift */ = {isa = PBXFileReference; lastKnownFileType = sourcecode.swift; path = NOTEApp.swift; sourceTree = "<group>"; };
		900F40652E4D9953E5CC8964 /* OnboardingView.swift */ = {isa = PBXFileReference; lastKnownFileType = sourcecode.swift; path = OnboardingView.swift; sourceTree = "<group>"; };
		9F2FF697F9A8F9086347CDA4 /* Models.swift */ = {isa = PBXFileReference; lastKnownFileType = sourcecode.swift; path = Models.swift; sourceTree = "<group>"; };
		AAC8BCC25D24E828A8CEF030 /* Mocks.swift */ = {isa = PBXFileReference; lastKnownFileType = sourcecode.swift; path = Mocks.swift; sourceTree = "<group>"; };
		CC0549EA3FA355D84FC0E5DA /* AdvancedSetupView.swift */ = {isa = PBXFileReference; lastKnownFileType = sourcecode.swift; path = AdvancedSetupView.swift; sourceTree = "<group>"; };
		CFE42D91364AEC576CE42923 /* InterTight.ttf */ = {isa = PBXFileReference; lastKnownFileType = file; path = InterTight.ttf; sourceTree = "<group>"; };
		D82A9DD4D4100D6E08236576 /* Info.plist */ = {isa = PBXFileReference; lastKnownFileType = text.plist; path = Info.plist; sourceTree = "<group>"; };
		F92B26C458FE6AA11BD81583 /* Assets.xcassets */ = {isa = PBXFileReference; lastKnownFileType = folder.assetcatalog; path = Assets.xcassets; sourceTree = "<group>"; };
/* End PBXFileReference section */

/* Begin PBXGroup section */
		0762012234C6F5AC2094CB54 /* NOTE */ = {
			isa = PBXGroup;
			children = (
				F92B26C458FE6AA11BD81583 /* Assets.xcassets */,
				D82A9DD4D4100D6E08236576 /* Info.plist */,
				AE2B30077AACAE2D12AC46EE /* App */,
				9862A82FB0625334519E446F /* Design */,
				BCA71ADF85E9710108FB2599 /* Fonts */,
				9F841162BDF13972A5578EAB /* Nostr */,
				5EEF166A1D93E4086AF47A46 /* Views */,
			);
			path = NOTE;
			sourceTree = "<group>";
		};
		45F7FD92B721052BAE5D4E87 = {
			isa = PBXGroup;
			children = (
				0762012234C6F5AC2094CB54 /* NOTE */,
				DB4AD9556287B38B230AEBD4 /* Products */,
			);
			sourceTree = "<group>";
		};
		5EEF166A1D93E4086AF47A46 /* Views */ = {
			isa = PBXGroup;
			children = (
				CC0549EA3FA355D84FC0E5DA /* AdvancedSetupView.swift */,
				2BBC7477F237E0740443EEBF /* ContentView.swift */,
				900F40652E4D9953E5CC8964 /* OnboardingView.swift */,
			);
			path = Views;
			sourceTree = "<group>";
		};
		9862A82FB0625334519E446F /* Design */ = {
			isa = PBXGroup;
			children = (
				5DA622C149728CE0F348EAAD /* Tokens.swift */,
			);
			path = Design;
			sourceTree = "<group>";
		};
		9F841162BDF13972A5578EAB /* Nostr */ = {
			isa = PBXGroup;
			children = (
				AAC8BCC25D24E828A8CEF030 /* Mocks.swift */,
				9F2FF697F9A8F9086347CDA4 /* Models.swift */,
				2FAF75CB8F8C95E6167FF88A /* NostrProtocols.swift */,
			);
			path = Nostr;
			sourceTree = "<group>";
		};
		AE2B30077AACAE2D12AC46EE /* App */ = {
			isa = PBXGroup;
			children = (
				78F774F8517D68DD85F81FFB /* NOTEApp.swift */,
			);
			path = App;
			sourceTree = "<group>";
		};
		BCA71ADF85E9710108FB2599 /* Fonts */ = {
			isa = PBXGroup;
			children = (
				011A178127266B78F7E40C40 /* InstrumentSerif-Italic.ttf */,
				CFE42D91364AEC576CE42923 /* InterTight.ttf */,
			);
			path = Fonts;
			sourceTree = "<group>";
		};
		DB4AD9556287B38B230AEBD4 /* Products */ = {
			isa = PBXGroup;
			children = (
				142B1AE132BABC341A25B78D /* NOTE.app */,
			);
			name = Products;
			sourceTree = "<group>";
		};
/* End PBXGroup section */

/* Begin PBXNativeTarget section */
		459B82F1639D440CCB8C766F /* NOTE */ = {
			isa = PBXNativeTarget;
			buildConfigurationList = 725973315E345363665F15A4 /* Build configuration list for PBXNativeTarget "NOTE" */;
			buildPhases = (
				4C694F2303171E58DCFD1464 /* Sources */,
				6AB060D7549B9CC460CF002E /* Resources */,
			);
			buildRules = (
			);
			dependencies = (
			);
			name = NOTE;
			packageProductDependencies = (
			);
			productName = NOTE;
			productReference = 142B1AE132BABC341A25B78D /* NOTE.app */;
			productType = "com.apple.product-type.application";
		};
/* End PBXNativeTarget section */

/* Begin PBXProject section */
		9172A856E27F1249E8ACA708 /* Project object */ = {
			isa = PBXProject;
			attributes = {
				BuildIndependentTargetsInParallel = YES;
				LastUpgradeCheck = 1430;
			};
			buildConfigurationList = D059CECDC5985E6B92E9268D /* Build configuration list for PBXProject "NOTE" */;
			developmentRegion = en;
			hasScannedForEncodings = 0;
			knownRegions = (
				Base,
				en,
			);
			mainGroup = 45F7FD92B721052BAE5D4E87;
			minimizedProjectReferenceProxies = 1;
			preferredProjectObjectVersion = 77;
			productRefGroup = DB4AD9556287B38B230AEBD4 /* Products */;
			projectDirPath = "";
			projectRoot = "";
			targets = (
				459B82F1639D440CCB8C766F /* NOTE */,
			);
		};
/* End PBXProject section */

/* Begin PBXResourcesBuildPhase section */
		6AB060D7549B9CC460CF002E /* Resources */ = {
			isa = PBXResourcesBuildPhase;
			buildActionMask = 2147483647;
			files = (
				5439B378C4541C7202974A46 /* Assets.xcassets in Resources */,
				81DA502F082C18ABF14DAA2E /* InstrumentSerif-Italic.ttf in Resources */,
				14397CF8309A6FE4891A79F5 /* InterTight.ttf in Resources */,
			);
			runOnlyForDeploymentPostprocessing = 0;
		};
/* End PBXResourcesBuildPhase section */

/* Begin PBXSourcesBuildPhase section */
		4C694F2303171E58DCFD1464 /* Sources */ = {
			isa = PBXSourcesBuildPhase;
			buildActionMask = 2147483647;
			files = (
				3E315BFF06B5E330EA9973E3 /* AdvancedSetupView.swift in Sources */,
				0609B268F9A5963AE9DFB7E3 /* ContentView.swift in Sources */,
				F2A1BEB25BA93399BF930962 /* Mocks.swift in Sources */,
				A8654F444AD84A8961A672D9 /* Models.swift in Sources */,
				ADC94A6FA9218B10F3B400B5 /* NOTEApp.swift in Sources */,
				660B2D1B10E158242F49B5D0 /* NostrProtocols.swift in Sources */,
				E7F16860C6143DF3A04F66E3 /* OnboardingView.swift in Sources */,
				84B324B701560A8E5355F601 /* Tokens.swift in Sources */,
			);
			runOnlyForDeploymentPostprocessing = 0;
		};
/* End PBXSourcesBuildPhase section */

/* Begin XCBuildConfiguration section */
		1A7D0FC11135CEE92E5B737E /* Release */ = {
			isa = XCBuildConfiguration;
			buildSettings = {
				ALWAYS_SEARCH_USER_PATHS = NO;
				CLANG_ANALYZER_NONNULL = YES;
				CLANG_ANALYZER_NUMBER_OBJECT_CONVERSION = YES_AGGRESSIVE;
				CLANG_CXX_LANGUAGE_STANDARD = "gnu++14";
				CLANG_CXX_LIBRARY = "libc++";
				CLANG_ENABLE_MODULES = YES;
				CLANG_ENABLE_OBJC_ARC = YES;
				CLANG_ENABLE_OBJC_WEAK = YES;
				CLANG_WARN_BLOCK_CAPTURE_AUTORELEASING = YES;
				CLANG_WARN_BOOL_CONVERSION = YES;
				CLANG_WARN_COMMA = YES;
				CLANG_WARN_CONSTANT_CONVERSION = YES;
				CLANG_WARN_DEPRECATED_OBJC_IMPLEMENTATIONS = YES;
				CLANG_WARN_DIRECT_OBJC_ISA_USAGE = YES_ERROR;
				CLANG_WARN_DOCUMENTATION_COMMENTS = YES;
				CLANG_WARN_EMPTY_BODY = YES;
				CLANG_WARN_ENUM_CONVERSION = YES;
				CLANG_WARN_INFINITE_RECURSION = YES;
				CLANG_WARN_INT_CONVERSION = YES;
				CLANG_WARN_NON_LITERAL_NULL_CONVERSION = YES;
				CLANG_WARN_OBJC_IMPLICIT_RETAIN_SELF = YES;
				CLANG_WARN_OBJC_LITERAL_CONVERSION = YES;
				CLANG_WARN_OBJC_ROOT_CLASS = YES_ERROR;
				CLANG_WARN_QUOTED_INCLUDE_IN_FRAMEWORK_HEADER = YES;
				CLANG_WARN_RANGE_LOOP_ANALYSIS = YES;
				CLANG_WARN_STRICT_PROTOTYPES = YES;
				CLANG_WARN_SUSPICIOUS_MOVE = YES;
				CLANG_WARN_UNGUARDED_AVAILABILITY = YES_AGGRESSIVE;
				CLANG_WARN_UNREACHABLE_CODE = YES;
				CLANG_WARN__DUPLICATE_METHOD_MATCH = YES;
				COPY_PHASE_STRIP = NO;
				DEBUG_INFORMATION_FORMAT = "dwarf-with-dsym";
				ENABLE_NS_ASSERTIONS = NO;
				ENABLE_STRICT_OBJC_MSGSEND = YES;
				GCC_C_LANGUAGE_STANDARD = gnu11;
				GCC_NO_COMMON_BLOCKS = YES;
				GCC_WARN_64_TO_32_BIT_CONVERSION = YES;
				GCC_WARN_ABOUT_RETURN_TYPE = YES_ERROR;
				GCC_WARN_UNDECLARED_SELECTOR = YES;
				GCC_WARN_UNINITIALIZED_AUTOS = YES_AGGRESSIVE;
				GCC_WARN_UNUSED_FUNCTION = YES;
				GCC_WARN_UNUSED_VARIABLE = YES;
				IPHONEOS_DEPLOYMENT_TARGET = 17.0;
				MTL_ENABLE_DEBUG_INFO = NO;
				MTL_FAST_MATH = YES;
				PRODUCT_NAME = "$(TARGET_NAME)";
				SDKROOT = iphoneos;
				SWIFT_COMPILATION_MODE = wholemodule;
				SWIFT_OPTIMIZATION_LEVEL = "-O";
				SWIFT_VERSION = 5.0;
			};
			name = Release;
		};
		68E878FF0F18CF6014E60580 /* Release */ = {
			isa = XCBuildConfiguration;
			buildSettings = {
				ASSETCATALOG_COMPILER_APPICON_NAME = AppIcon;
				CODE_SIGN_IDENTITY = "iPhone Developer";
				DEVELOPMENT_TEAM = 3V55494FNM;
				INFOPLIST_FILE = NOTE/Info.plist;
				INFOPLIST_KEY_UIRequiresFullScreen = YES;
				LD_RUNPATH_SEARCH_PATHS = (
					"$(inherited)",
					"@executable_path/Frameworks",
				);
				PRODUCT_BUNDLE_IDENTIFIER = com.smcnamara.note;
				SDKROOT = iphoneos;
				SUPPORTS_LANDSCAPE_ORIENTATION_IPAD = NO;
				SWIFT_VERSION = 5.9;
				TARGETED_DEVICE_FAMILY = 1;
			};
			name = Release;
		};
		9FA6E6AC760B9FB98CE56131 /* Debug */ = {
			isa = XCBuildConfiguration;
			buildSettings = {
				ASSETCATALOG_COMPILER_APPICON_NAME = AppIcon;
				CODE_SIGN_IDENTITY = "iPhone Developer";
				DEVELOPMENT_TEAM = 3V55494FNM;
				INFOPLIST_FILE = NOTE/Info.plist;
				INFOPLIST_KEY_UIRequiresFullScreen = YES;
				LD_RUNPATH_SEARCH_PATHS = (
					"$(inherited)",
					"@executable_path/Frameworks",
				);
				PRODUCT_BUNDLE_IDENTIFIER = com.smcnamara.note;
				SDKROOT = iphoneos;
				SUPPORTS_LANDSCAPE_ORIENTATION_IPAD = NO;
				SWIFT_VERSION = 5.9;
				TARGETED_DEVICE_FAMILY = 1;
			};
			name = Debug;
		};
		FEFEA46819D33FF32C66F4BF /* Debug */ = {
			isa = XCBuildConfiguration;
			buildSettings = {
				ALWAYS_SEARCH_USER_PATHS = NO;
				CLANG_ANALYZER_NONNULL = YES;
				CLANG_ANALYZER_NUMBER_OBJECT_CONVERSION = YES_AGGRESSIVE;
				CLANG_CXX_LANGUAGE_STANDARD = "gnu++14";
				CLANG_CXX_LIBRARY = "libc++";
				CLANG_ENABLE_MODULES = YES;
				CLANG_ENABLE_OBJC_ARC = YES;
				CLANG_ENABLE_OBJC_WEAK = YES;
				CLANG_WARN_BLOCK_CAPTURE_AUTORELEASING = YES;
				CLANG_WARN_BOOL_CONVERSION = YES;
				CLANG_WARN_COMMA = YES;
				CLANG_WARN_CONSTANT_CONVERSION = YES;
				CLANG_WARN_DEPRECATED_OBJC_IMPLEMENTATIONS = YES;
				CLANG_WARN_DIRECT_OBJC_ISA_USAGE = YES_ERROR;
				CLANG_WARN_DOCUMENTATION_COMMENTS = YES;
				CLANG_WARN_EMPTY_BODY = YES;
				CLANG_WARN_ENUM_CONVERSION = YES;
				CLANG_WARN_INFINITE_RECURSION = YES;
				CLANG_WARN_INT_CONVERSION = YES;
				CLANG_WARN_NON_LITERAL_NULL_CONVERSION = YES;
				CLANG_WARN_OBJC_IMPLICIT_RETAIN_SELF = YES;
				CLANG_WARN_OBJC_LITERAL_CONVERSION = YES;
				CLANG_WARN_OBJC_ROOT_CLASS = YES_ERROR;
				CLANG_WARN_QUOTED_INCLUDE_IN_FRAMEWORK_HEADER = YES;
				CLANG_WARN_RANGE_LOOP_ANALYSIS = YES;
				CLANG_WARN_STRICT_PROTOTYPES = YES;
				CLANG_WARN_SUSPICIOUS_MOVE = YES;
				CLANG_WARN_UNGUARDED_AVAILABILITY = YES_AGGRESSIVE;
				CLANG_WARN_UNREACHABLE_CODE = YES;
				CLANG_WARN__DUPLICATE_METHOD_MATCH = YES;
				COPY_PHASE_STRIP = NO;
				DEBUG_INFORMATION_FORMAT = dwarf;
				ENABLE_STRICT_OBJC_MSGSEND = YES;
				ENABLE_TESTABILITY = YES;
				GCC_C_LANGUAGE_STANDARD = gnu11;
				GCC_DYNAMIC_NO_PIC = NO;
				GCC_NO_COMMON_BLOCKS = YES;
				GCC_OPTIMIZATION_LEVEL = 0;
				GCC_PREPROCESSOR_DEFINITIONS = (
					"$(inherited)",
					"DEBUG=1",
				);
				GCC_WARN_64_TO_32_BIT_CONVERSION = YES;
				GCC_WARN_ABOUT_RETURN_TYPE = YES_ERROR;
				GCC_WARN_UNDECLARED_SELECTOR = YES;
				GCC_WARN_UNINITIALIZED_AUTOS = YES_AGGRESSIVE;
				GCC_WARN_UNUSED_FUNCTION = YES;
				GCC_WARN_UNUSED_VARIABLE = YES;
				IPHONEOS_DEPLOYMENT_TARGET = 17.0;
				MTL_ENABLE_DEBUG_INFO = INCLUDE_SOURCE;
				MTL_FAST_MATH = YES;
				ONLY_ACTIVE_ARCH = YES;
				PRODUCT_NAME = "$(TARGET_NAME)";
				SDKROOT = iphoneos;
				SWIFT_ACTIVE_COMPILATION_CONDITIONS = DEBUG;
				SWIFT_OPTIMIZATION_LEVEL = "-Onone";
				SWIFT_VERSION = 5.0;
			};
			name = Debug;
		};
/* End XCBuildConfiguration section */

/* Begin XCConfigurationList section */
		725973315E345363665F15A4 /* Build configuration list for PBXNativeTarget "NOTE" */ = {
			isa = XCConfigurationList;
			buildConfigurations = (
				9FA6E6AC760B9FB98CE56131 /* Debug */,
				68E878FF0F18CF6014E60580 /* Release */,
			);
			defaultConfigurationIsVisible = 0;
			defaultConfigurationName = Debug;
		};
		D059CECDC5985E6B92E9268D /* Build configuration list for PBXProject "NOTE" */ = {
			isa = XCConfigurationList;
			buildConfigurations = (
				FEFEA46819D33FF32C66F4BF /* Debug */,
				1A7D0FC11135CEE92E5B737E /* Release */,
			);
			defaultConfigurationIsVisible = 0;
			defaultConfigurationName = Debug;
		};
/* End XCConfigurationList section */
	};
	rootObject = 9172A856E27F1249E8ACA708 /* Project object */;
}
